
Microsoft Visual Studio Solution File, Format Version 12.00
# Visual Studio Version 16
VisualStudioVersion = 16.0.32407.337
MinimumVisualStudioVersion = 10.0.40219.1
Project("{8BC9CEB8-8B4A-11D0-8D11-00A0C91BC942}") = "HelloWorld", "HelloWorld\HelloWorld.vcxproj", "{97234800-AB7F-4561-86BD-ECA0DAC83D56}"
EndProject
Global
	GlobalSection(SolutionConfigurationPlatforms) = preSolution
		Debug|x64 = Debug|x64
		Debug|x86 = Debug|x86
		Release|x64 = Release|x64
		Release|x86 = Release|x86
	EndGlobalSection
	GlobalSection(ProjectConfigurationPlatforms) = postSolution
		{97234800-AB7F-4561-86BD-ECA0DAC83D56}.Debug|x64.ActiveCfg = Debug|x64
		{97234800-AB7F-4561-86BD-ECA0DAC83D56}.Debug|x64.Build.0 = Debug|x64
		{97234800-AB7F-4561-86BD-ECA0DAC83D56}.Debug|x86.ActiveCfg = Debug|Win32
		{97234800-AB7F-4561-86BD-ECA0DAC83D56}.Debug|x86.Build.0 = Debug|Win32
		{97234800-AB7F-4561-86BD-ECA0DAC83D56}.Release|x64.ActiveCfg = Release|x64
		{97234800-AB7F-4561-86BD-ECA0DAC83D56}.Release|x64.Build.0 = Release|x64
		{97234800-AB7F-4561-86BD-ECA0DAC83D56}.Release|x86.ActiveCfg = Release|Win32
		{97234800-AB7F-4561-86BD-ECA0DAC83D56}.Release|x86.Build.0 = Release|Win32
	EndGlobalSection
	GlobalSection(SolutionProperties) = preSolution
		HideSolutionNode = FALSE
	EndGlobalSection
	GlobalSection(ExtensibilityGlobals) = postSolution
		SolutionGuid = {D7F43390-A73E-4F02-8220-62B23838B317}
	EndGlobalSection
EndGlobal
